
Microsoft Visual Studio Solution File, Format Version 12.00
# Visual Studio Version 17
VisualStudioVersion = 17.2.32519.379
MinimumVisualStudioVersion = 10.0.40219.1
Project("{9A19103F-16F7-4668-BE54-9A1E7A4F7556}") = "BusinessLayer", "BusinessLayer\BusinessLayer.csproj", "{BBF08D4E-B082-4C09-9580-9CCC9C717B63}"
EndProject
Project("{FAE04EC0-301F-11D3-BF4B-00C04F79EFBC}") = "DataLayer", "DataLayer\DataLayer.csproj", "{F4EE7BB1-0DB0-4921-8C3B-FB9BDEB5A006}"
EndProject
Global
	GlobalSection(SolutionConfigurationPlatforms) = preSolution
		Debug|Any CPU = Debug|Any CPU
		Release|Any CPU = Release|Any CPU
	EndGlobalSection
	GlobalSection(ProjectConfigurationPlatforms) = postSolution
		{BBF08D4E-B082-4C09-9580-9CCC9C717B63}.Debug|Any CPU.ActiveCfg = Debug|Any CPU
		{BBF08D4E-B082-4C09-9580-9CCC9C717B63}.Debug|Any CPU.Build.0 = Debug|Any CPU
		{BBF08D4E-B082-4C09-9580-9CCC9C717B63}.Release|Any CPU.ActiveCfg = Release|Any CPU
		{BBF08D4E-B082-4C09-9580-9CCC9C717B63}.Release|Any CPU.Build.0 = Release|Any CPU
		{F4EE7BB1-0DB0-4921-8C3B-FB9BDEB5A006}.Debug|Any CPU.ActiveCfg = Debug|Any CPU
		{F4EE7BB1-0DB0-4921-8C3B-FB9BDEB5A006}.Debug|Any CPU.Build.0 = Debug|Any CPU
		{F4EE7BB1-0DB0-4921-8C3B-FB9BDEB5A006}.Release|Any CPU.ActiveCfg = Release|Any CPU
		{F4EE7BB1-0DB0-4921-8C3B-FB9BDEB5A006}.Release|Any CPU.Build.0 = Release|Any CPU
	EndGlobalSection
	GlobalSection(SolutionProperties) = preSolution
		HideSolutionNode = FALSE
	EndGlobalSection
	GlobalSection(ExtensibilityGlobals) = postSolution
		SolutionGuid = {20875840-9222-4FFA-93DE-30EA0F308031}
	EndGlobalSection
EndGlobal
